
Microsoft Visual Studio Solution File, Format Version 12.00
# Visual Studio Version 16
VisualStudioVersion = 16.0.30523.141
MinimumVisualStudioVersion = 10.0.40219.1
Project("{FAE04EC0-301F-11D3-BF4B-00C04F79EFBC}") = "Bodis_Bianca_Lab8", "Bodis_Bianca_Lab8.csproj", "{C03FA357-1A96-4DAD-949D-35E16A0DE6CD}"
EndProject
Global
	GlobalSection(SolutionConfigurationPlatforms) = preSolution
		Debug|Any CPU = Debug|Any CPU
		Release|Any CPU = Release|Any CPU
	EndGlobalSection
	GlobalSection(ProjectConfigurationPlatforms) = postSolution
		{C03FA357-1A96-4DAD-949D-35E16A0DE6CD}.Debug|Any CPU.ActiveCfg = Debug|Any CPU
		{C03FA357-1A96-4DAD-949D-35E16A0DE6CD}.Debug|Any CPU.Build.0 = Debug|Any CPU
		{C03FA357-1A96-4DAD-949D-35E16A0DE6CD}.Release|Any CPU.ActiveCfg = Release|Any CPU
		{C03FA357-1A96-4DAD-949D-35E16A0DE6CD}.Release|Any CPU.Build.0 = Release|Any CPU
	EndGlobalSection
	GlobalSection(SolutionProperties) = preSolution
		HideSolutionNode = FALSE
	EndGlobalSection
	GlobalSection(ExtensibilityGlobals) = postSolution
		SolutionGuid = {E09DFEAD-3DBE-4BAC-9D43-E9597209776C}
	EndGlobalSection
EndGlobal
